
Microsoft Visual Studio Solution File, Format Version 12.00
# Visual Studio 15
VisualStudioVersion = 15.0.27130.2010
MinimumVisualStudioVersion = 10.0.40219.1
Project("{9A19103F-16F7-4668-BE54-9A1E7A4F7556}") = "Cities", "Cities\Cities.csproj", "{4D2B11FE-8CB8-40B6-8CD3-AF08D4131F3B}"
EndProject
Project("{9A19103F-16F7-4668-BE54-9A1E7A4F7556}") = "Cities.Test", "Cities.Test\Cities.Test.csproj", "{17DFBFFE-1E92-4770-A926-897F6FC9CAA4}"
EndProject
Global
	GlobalSection(SolutionConfigurationPlatforms) = preSolution
		Debug|Any CPU = Debug|Any CPU
		Release|Any CPU = Release|Any CPU
	EndGlobalSection
	GlobalSection(ProjectConfigurationPlatforms) = postSolution
		{4D2B11FE-8CB8-40B6-8CD3-AF08D4131F3B}.Debug|Any CPU.ActiveCfg = Debug|Any CPU
		{4D2B11FE-8CB8-40B6-8CD3-AF08D4131F3B}.Debug|Any CPU.Build.0 = Debug|Any CPU
		{4D2B11FE-8CB8-40B6-8CD3-AF08D4131F3B}.Release|Any CPU.ActiveCfg = Release|Any CPU
		{4D2B11FE-8CB8-40B6-8CD3-AF08D4131F3B}.Release|Any CPU.Build.0 = Release|Any CPU
		{17DFBFFE-1E92-4770-A926-897F6FC9CAA4}.Debug|Any CPU.ActiveCfg = Debug|Any CPU
		{17DFBFFE-1E92-4770-A926-897F6FC9CAA4}.Debug|Any CPU.Build.0 = Debug|Any CPU
		{17DFBFFE-1E92-4770-A926-897F6FC9CAA4}.Release|Any CPU.ActiveCfg = Release|Any CPU
		{17DFBFFE-1E92-4770-A926-897F6FC9CAA4}.Release|Any CPU.Build.0 = Release|Any CPU
	EndGlobalSection
	GlobalSection(SolutionProperties) = preSolution
		HideSolutionNode = FALSE
	EndGlobalSection
	GlobalSection(ExtensibilityGlobals) = postSolution
		SolutionGuid = {786BFEA4-6BCA-4BB2-849F-7D724D6E6127}
	EndGlobalSection
EndGlobal
